
Microsoft Visual Studio Solution File, Format Version 12.00
# Visual Studio Version 17
VisualStudioVersion = 17.10.35013.160
MinimumVisualStudioVersion = 10.0.40219.1
Project("{FAE04EC0-301F-11D3-BF4B-00C04F79EFBC}") = "MvcFirmaCagri", "MvcFirmaCagri\MvcFirmaCagri.csproj", "{EFD9535C-A12F-4BC8-AA16-FA6D41BA7135}"
EndProject
Global
	GlobalSection(SolutionConfigurationPlatforms) = preSolution
		Debug|Any CPU = Debug|Any CPU
		Release|Any CPU = Release|Any CPU
	EndGlobalSection
	GlobalSection(ProjectConfigurationPlatforms) = postSolution
		{EFD9535C-A12F-4BC8-AA16-FA6D41BA7135}.Debug|Any CPU.ActiveCfg = Debug|Any CPU
		{EFD9535C-A12F-4BC8-AA16-FA6D41BA7135}.Debug|Any CPU.Build.0 = Debug|Any CPU
		{EFD9535C-A12F-4BC8-AA16-FA6D41BA7135}.Release|Any CPU.ActiveCfg = Release|Any CPU
		{EFD9535C-A12F-4BC8-AA16-FA6D41BA7135}.Release|Any CPU.Build.0 = Release|Any CPU
	EndGlobalSection
	GlobalSection(SolutionProperties) = preSolution
		HideSolutionNode = FALSE
	EndGlobalSection
	GlobalSection(ExtensibilityGlobals) = postSolution
		SolutionGuid = {B67D29CB-3116-4C8B-8C1C-B33AA50EDB06}
	EndGlobalSection
EndGlobal
